
Microsoft Visual Studio Solution File, Format Version 12.00
# Visual Studio Version 17
VisualStudioVersion = 17.2.32519.379
MinimumVisualStudioVersion = 10.0.40219.1
Project("{FAE04EC0-301F-11D3-BF4B-00C04F79EFBC}") = "GitHubCoreConsoleApp", "GitHubCoreConsoleApp\GitHubCoreConsoleApp.csproj", "{B11AB2EB-8A8B-4418-AB68-833ECAE630F3}"
EndProject
Global
	GlobalSection(SolutionConfigurationPlatforms) = preSolution
		Debug|Any CPU = Debug|Any CPU
		Release|Any CPU = Release|Any CPU
	EndGlobalSection
	GlobalSection(ProjectConfigurationPlatforms) = postSolution
		{B11AB2EB-8A8B-4418-AB68-833ECAE630F3}.Debug|Any CPU.ActiveCfg = Debug|Any CPU
		{B11AB2EB-8A8B-4418-AB68-833ECAE630F3}.Debug|Any CPU.Build.0 = Debug|Any CPU
		{B11AB2EB-8A8B-4418-AB68-833ECAE630F3}.Release|Any CPU.ActiveCfg = Release|Any CPU
		{B11AB2EB-8A8B-4418-AB68-833ECAE630F3}.Release|Any CPU.Build.0 = Release|Any CPU
	EndGlobalSection
	GlobalSection(SolutionProperties) = preSolution
		HideSolutionNode = FALSE
	EndGlobalSection
	GlobalSection(ExtensibilityGlobals) = postSolution
		SolutionGuid = {2A7E8348-9872-418C-A6D0-E2B3BE633E07}
	EndGlobalSection
EndGlobal
